# AUTHS error-code registry lock — `code = crate::Type::Variant` bindings.
#
# Error codes are a public contract: users grep logs, write runbooks, and
# match on these strings. This file makes every binding change a deliberate,
# reviewable diff instead of a silent drift:
#
#   - NEW codes are appended automatically by `cargo xtask gen-error-docs`.
#   - REASSIGNING or REMOVING a code fails the build (and CI) until the
#     corresponding line here is edited by hand in the same change.
#
# Pre-launch this is a speed bump; at launch it becomes the freeze.
AUTHS-E1001 = auths-crypto::CryptoError::InvalidSignature
AUTHS-E1002 = auths-crypto::CryptoError::InvalidKeyLength
AUTHS-E1003 = auths-crypto::CryptoError::InvalidPrivateKey
AUTHS-E1004 = auths-crypto::CryptoError::OperationFailed
AUTHS-E1005 = auths-crypto::CryptoError::UnsupportedTarget
AUTHS-E1101 = auths-crypto::DidKeyError::InvalidPrefix
AUTHS-E1102 = auths-crypto::DidKeyError::Base58DecodeFailed
AUTHS-E1103 = auths-crypto::DidKeyError::UnsupportedMulticodec
AUTHS-E1104 = auths-crypto::DidKeyError::InvalidKeyLength
AUTHS-E1201 = auths-keri::KeriDecodeError::UnsupportedKeyType
AUTHS-E1202 = auths-keri::KeriDecodeError::EmptyInput
AUTHS-E1203 = auths-keri::KeriDecodeError::DecodeError
AUTHS-E1204 = auths-keri::KeriDecodeError::InvalidLength
AUTHS-E1301 = auths-crypto::SshKeyError::InvalidFormat
AUTHS-E1302 = auths-crypto::SshKeyError::UnsupportedKeyType
AUTHS-E2001 = auths-verifier::AttestationError::IssuerSignatureFailed
AUTHS-E2002 = auths-verifier::AttestationError::DeviceSignatureFailed
AUTHS-E2003 = auths-verifier::AttestationError::AttestationExpired
AUTHS-E2004 = auths-verifier::AttestationError::AttestationRevoked
AUTHS-E2005 = auths-verifier::AttestationError::TimestampInFuture
AUTHS-E2006 = auths-verifier::AttestationError::MissingCapability
AUTHS-E2007 = auths-verifier::AttestationError::SigningError
AUTHS-E2008 = auths-verifier::AttestationError::DidResolutionError
AUTHS-E2009 = auths-verifier::AttestationError::SerializationError
AUTHS-E2010 = auths-verifier::AttestationError::InputTooLarge
AUTHS-E2011 = auths-verifier::AttestationError::InvalidInput
AUTHS-E2012 = auths-verifier::AttestationError::CryptoError
AUTHS-E2013 = auths-verifier::AttestationError::InternalError
AUTHS-E2014 = auths-verifier::AttestationError::OrgVerificationFailed
AUTHS-E2015 = auths-verifier::AttestationError::OrgAttestationExpired
AUTHS-E2016 = auths-verifier::AttestationError::OrgDidResolutionFailed
AUTHS-E2017 = auths-verifier::AttestationError::BundleExpired
AUTHS-E2018 = auths-verifier::AttestationError::AttestationTooOld
AUTHS-E2019 = auths-verifier::AttestationError::CapabilityEscalation
AUTHS-E2020 = auths-verifier::AttestationError::DelegationOutlivesParent
AUTHS-E2021 = auths-verifier::AttestationError::DelegatorRevoked
AUTHS-E2022 = auths-verifier::AttestationError::DelegatorUnresolved
AUTHS-E2101 = auths-verifier::CommitVerificationError::UnsignedCommit
AUTHS-E2102 = auths-verifier::CommitVerificationError::GpgNotSupported
AUTHS-E2103 = auths-verifier::CommitVerificationError::SshSigParseFailed
AUTHS-E2104 = auths-verifier::CommitVerificationError::UnsupportedKeyType
AUTHS-E2105 = auths-verifier::CommitVerificationError::NamespaceMismatch
AUTHS-E2106 = auths-verifier::CommitVerificationError::HashAlgorithmUnsupported
AUTHS-E2107 = auths-verifier::CommitVerificationError::SignatureInvalid
AUTHS-E2108 = auths-verifier::CommitVerificationError::UnknownSigner
AUTHS-E2109 = auths-verifier::CommitVerificationError::CommitParseFailed
AUTHS-E2201 = auths-verifier::OrgBundleError::Integrity
AUTHS-E2202 = auths-verifier::OrgBundleError::MissingMemberKel
AUTHS-E2203 = auths-verifier::OrgBundleError::MissingDelegatorSeal
AUTHS-E2204 = auths-verifier::OrgBundleError::Canonicalize
AUTHS-E2205 = auths-verifier::OrgBundleError::Parse
AUTHS-E2206 = auths-verifier::OrgBundleError::RecordInvalid
AUTHS-E2301 = auths-verifier::EvidencePackError::Canonicalize
AUTHS-E2302 = auths-verifier::EvidencePackError::Decode
AUTHS-E2303 = auths-verifier::EvidencePackError::OfflineVerification
AUTHS-E3001 = auths-core::AgentError::KeyNotFound
AUTHS-E3002 = auths-core::AgentError::IncorrectPassphrase
AUTHS-E3003 = auths-core::AgentError::MissingPassphrase
AUTHS-E3004 = auths-core::AgentError::SecurityError
AUTHS-E3005 = auths-core::AgentError::CryptoError
AUTHS-E3006 = auths-core::AgentError::KeyDeserializationError
AUTHS-E3007 = auths-core::AgentError::SigningFailed
AUTHS-E3008 = auths-core::AgentError::Proto
AUTHS-E3009 = auths-core::AgentError::IO
AUTHS-E3010 = auths-core::AgentError::GitError
AUTHS-E3011 = auths-core::AgentError::InvalidInput
AUTHS-E3012 = auths-core::AgentError::MutexError
AUTHS-E3013 = auths-core::AgentError::StorageError
AUTHS-E3014 = auths-core::AgentError::UserInputCancelled
AUTHS-E3015 = auths-core::AgentError::BackendUnavailable
AUTHS-E3016 = auths-core::AgentError::StorageLocked
AUTHS-E3017 = auths-core::AgentError::BackendInitFailed
AUTHS-E3018 = auths-core::AgentError::CredentialTooLarge
AUTHS-E3019 = auths-core::AgentError::AgentLocked
AUTHS-E3020 = auths-core::AgentError::WeakPassphrase
AUTHS-E3021 = auths-core::AgentError::HsmPinLocked
AUTHS-E3022 = auths-core::AgentError::HsmDeviceRemoved
AUTHS-E3023 = auths-core::AgentError::HsmSessionExpired
AUTHS-E3024 = auths-core::AgentError::HsmUnsupportedMechanism
AUTHS-E3025 = auths-core::AgentError::HardwareKeyNotExportable
AUTHS-E3101 = auths-core::TrustError::Io
AUTHS-E3102 = auths-core::TrustError::InvalidData
AUTHS-E3103 = auths-core::TrustError::NotFound
AUTHS-E3104 = auths-core::TrustError::Serialization
AUTHS-E3105 = auths-core::TrustError::AlreadyExists
AUTHS-E3106 = auths-core::TrustError::Lock
AUTHS-E3107 = auths-core::TrustError::PolicyRejected
AUTHS-E3201 = auths-core::PairingError::Protocol
AUTHS-E3202 = auths-core::PairingError::QrCodeFailed
AUTHS-E3203 = auths-core::PairingError::RelayError
AUTHS-E3204 = auths-core::PairingError::LocalServerError
AUTHS-E3205 = auths-core::PairingError::MdnsError
AUTHS-E3206 = auths-core::PairingError::NoPeerFound
AUTHS-E3207 = auths-core::PairingError::LanTimeout
AUTHS-E3301 = auths-core::CryptoError::SshKeyConstruction
AUTHS-E3302 = auths-core::CryptoError::SigningFailed
AUTHS-E3303 = auths-core::CryptoError::PemEncoding
AUTHS-E3304 = auths-core::CryptoError::InvalidSeedLength
AUTHS-E3305 = auths-core::CryptoError::InvalidKeyFormat
AUTHS-E3401 = auths-keri::WitnessError::Network
AUTHS-E3402 = auths-keri::WitnessError::Duplicity
AUTHS-E3403 = auths-keri::WitnessError::Rejected
AUTHS-E3404 = auths-keri::WitnessError::Timeout
AUTHS-E3405 = auths-keri::WitnessError::InvalidSignature
AUTHS-E3406 = auths-keri::WitnessError::InsufficientReceipts
AUTHS-E3407 = auths-keri::WitnessError::SaidMismatch
AUTHS-E3408 = auths-keri::WitnessError::Storage
AUTHS-E3409 = auths-keri::WitnessError::Serialization
AUTHS-E3501 = auths-core::StorageError::NotFound
AUTHS-E3502 = auths-core::StorageError::AlreadyExists
AUTHS-E3503 = auths-core::StorageError::CasConflict
AUTHS-E3504 = auths-core::StorageError::Io
AUTHS-E3505 = auths-core::StorageError::Internal
AUTHS-E3601 = auths-core::NetworkError::Unreachable
AUTHS-E3602 = auths-core::NetworkError::Timeout
AUTHS-E3603 = auths-core::NetworkError::NotFound
AUTHS-E3604 = auths-core::NetworkError::Unauthorized
AUTHS-E3605 = auths-core::NetworkError::InvalidResponse
AUTHS-E3606 = auths-core::NetworkError::Internal
AUTHS-E3701 = auths-core::ResolutionError::DidNotFound
AUTHS-E3702 = auths-core::ResolutionError::InvalidDid
AUTHS-E3703 = auths-core::ResolutionError::KeyRevoked
AUTHS-E3704 = auths-core::ResolutionError::Network
AUTHS-E3801 = auths-core::PlatformError::AuthorizationPending
AUTHS-E3802 = auths-core::PlatformError::SlowDown
AUTHS-E3803 = auths-core::PlatformError::AccessDenied
AUTHS-E3804 = auths-core::PlatformError::ExpiredToken
AUTHS-E3805 = auths-core::PlatformError::Network
AUTHS-E3806 = auths-core::PlatformError::Platform
AUTHS-E3901 = auths-core::SshAgentError::CommandFailed
AUTHS-E3902 = auths-core::SshAgentError::NotAvailable
AUTHS-E3903 = auths-core::SshAgentError::IoError
AUTHS-E3951 = auths-core::ConfigStoreError::Read
AUTHS-E3952 = auths-core::ConfigStoreError::Write
AUTHS-E3961 = auths-core::NamespaceVerifyError::UnsupportedEcosystem
AUTHS-E3962 = auths-core::NamespaceVerifyError::PackageNotFound
AUTHS-E3963 = auths-core::NamespaceVerifyError::OwnershipNotConfirmed
AUTHS-E3964 = auths-core::NamespaceVerifyError::ChallengeExpired
AUTHS-E3965 = auths-core::NamespaceVerifyError::InvalidToken
AUTHS-E3966 = auths-core::NamespaceVerifyError::InvalidPackageName
AUTHS-E3967 = auths-core::NamespaceVerifyError::NetworkError
AUTHS-E3968 = auths-core::NamespaceVerifyError::RateLimited
AUTHS-E4001 = auths-id::FreezeError::Io
AUTHS-E4002 = auths-id::FreezeError::Deserialization
AUTHS-E4003 = auths-id::FreezeError::InvalidDuration
AUTHS-E4004 = auths-id::FreezeError::ZeroDuration
AUTHS-E4101 = auths-id::StorageError::Git
AUTHS-E4102 = auths-id::StorageError::Serialization
AUTHS-E4103 = auths-id::StorageError::Io
AUTHS-E4104 = auths-id::StorageError::NotFound
AUTHS-E4105 = auths-id::StorageError::InvalidData
AUTHS-E4106 = auths-id::StorageError::SchemaValidation
AUTHS-E4107 = auths-id::StorageError::Index
AUTHS-E4201 = auths-id::InitError::Git
AUTHS-E4202 = auths-id::InitError::Keri
AUTHS-E4203 = auths-id::InitError::Key
AUTHS-E4204 = auths-id::InitError::InvalidData
AUTHS-E4205 = auths-id::InitError::Storage
AUTHS-E4206 = auths-id::InitError::Registry
AUTHS-E4207 = auths-id::InitError::Crypto
AUTHS-E4208 = auths-id::InitError::Identity
AUTHS-E4401 = auths-id::IdentityError::Keri
AUTHS-E4402 = auths-id::IdentityError::Pkcs8EncodeError
AUTHS-E4403 = auths-id::IdentityError::Pkcs8DecodeError
AUTHS-E4404 = auths-id::IdentityError::EmptyPassphrase
AUTHS-E4405 = auths-id::IdentityError::InvalidKeyLength
AUTHS-E4406 = auths-id::IdentityError::KeyStorage
AUTHS-E4407 = auths-id::IdentityError::KeyRetrieval
AUTHS-E4408 = auths-id::IdentityError::RingError
AUTHS-E4409 = auths-id::StorageError::NotFound
AUTHS-E4410 = auths-id::StorageError::CasConflict
AUTHS-E4411 = auths-id::StorageError::Io
AUTHS-E4601 = auths-id::KelError::Git
AUTHS-E4602 = auths-id::KelError::Serialization
AUTHS-E4603 = auths-id::KelError::NotFound
AUTHS-E4604 = auths-id::KelError::InvalidOperation
AUTHS-E4605 = auths-id::KelError::InvalidData
AUTHS-E4606 = auths-id::KelError::ChainIntegrity
AUTHS-E4607 = auths-id::KelError::ValidationFailed
AUTHS-E4801 = auths-id::ResolveError::InvalidFormat
AUTHS-E4802 = auths-id::ResolveError::NotFound
AUTHS-E4803 = auths-id::ResolveError::Kel
AUTHS-E4804 = auths-id::ResolveError::Validation
AUTHS-E4805 = auths-id::ResolveError::InvalidKeyEncoding
AUTHS-E4806 = auths-id::ResolveError::NoCurrentKey
AUTHS-E4807 = auths-id::ResolveError::UnknownKeyType
AUTHS-E4821 = auths-id::RotationError::Kel
AUTHS-E4822 = auths-id::RotationError::Validation
AUTHS-E4823 = auths-id::RotationError::KeyGeneration
AUTHS-E4824 = auths-id::RotationError::InvalidKey
AUTHS-E4825 = auths-id::RotationError::CommitmentMismatch
AUTHS-E4826 = auths-id::RotationError::IdentityAbandoned
AUTHS-E4827 = auths-id::RotationError::Serialization
AUTHS-E4828 = auths-id::RotationError::Storage
AUTHS-E4829 = auths-id::RotationError::RotationFailed
AUTHS-E4830 = auths-id::RotationError::KeyNotFound
AUTHS-E4831 = auths-id::RotationError::KeyDecryptionFailed
AUTHS-E4851 = auths-id::TenantIdError::InvalidLength
AUTHS-E4852 = auths-id::TenantIdError::InvalidCharacter
AUTHS-E4853 = auths-id::TenantIdError::Reserved
AUTHS-E4861 = auths-id::RegistryError::Storage
AUTHS-E4862 = auths-id::RegistryError::InvalidPrefix
AUTHS-E4863 = auths-id::RegistryError::InvalidDeviceDid
AUTHS-E4864 = auths-id::RegistryError::EventExists
AUTHS-E4865 = auths-id::RegistryError::SequenceGap
AUTHS-E4866 = auths-id::RegistryError::NotFound
AUTHS-E4867 = auths-id::RegistryError::Serialization
AUTHS-E4868 = auths-id::RegistryError::ConcurrentModification
AUTHS-E4869 = auths-id::RegistryError::SaidMismatch
AUTHS-E4870 = auths-id::RegistryError::InvalidEvent
AUTHS-E4871 = auths-id::RegistryError::Io
AUTHS-E4872 = auths-id::RegistryError::Internal
AUTHS-E4873 = auths-id::RegistryError::InvalidTenantId
AUTHS-E4874 = auths-id::RegistryError::Attestation
AUTHS-E4875 = auths-id::RegistryError::StaleAttestation
AUTHS-E4876 = auths-id::RegistryError::NotImplemented
AUTHS-E4877 = auths-id::RegistryError::BatchValidationFailed
AUTHS-E4901 = auths-id::InceptionError::KeyGeneration
AUTHS-E4902 = auths-id::InceptionError::Kel
AUTHS-E4903 = auths-id::InceptionError::Storage
AUTHS-E4904 = auths-id::InceptionError::Validation
AUTHS-E4905 = auths-id::InceptionError::Serialization
AUTHS-E4906 = auths-id::InceptionError::InvalidThreshold
AUTHS-E4951 = auths-id::IncrementalError::Kel
AUTHS-E4952 = auths-id::IncrementalError::ChainContinuity
AUTHS-E4953 = auths-id::IncrementalError::SequenceError
AUTHS-E4954 = auths-id::IncrementalError::MalformedSequence
AUTHS-E4955 = auths-id::IncrementalError::InvalidEventType
AUTHS-E4956 = auths-id::IncrementalError::NonLinearHistory
AUTHS-E4957 = auths-id::IncrementalError::MissingParent
AUTHS-E4961 = auths-id::AnchorError::Kel
AUTHS-E4962 = auths-id::AnchorError::Validation
AUTHS-E4963 = auths-id::AnchorError::Serialization
AUTHS-E4964 = auths-id::AnchorError::InvalidDid
AUTHS-E4965 = auths-id::AnchorError::NotFound
AUTHS-E4966 = auths-id::AnchorError::Signing
AUTHS-E4967 = auths-id::AnchorError::IxnForbidden
AUTHS-E4968 = auths-id::AnchorError::WitnessQuorumNotMet
AUTHS-E4971 = auths-id::WitnessIntegrationError::Collection
AUTHS-E4972 = auths-id::WitnessIntegrationError::Storage
AUTHS-E4973 = auths-id::WitnessIntegrationError::Runtime
AUTHS-E4974 = auths-id::WitnessIntegrationError::QuorumNotMet
AUTHS-E4981 = auths-id::CredentialRegistryError::ThresholdUnsupported
AUTHS-E4982 = auths-id::CredentialRegistryError::Tel
AUTHS-E4983 = auths-id::CredentialRegistryError::Anchor
AUTHS-E4984 = auths-id::CredentialRegistryError::Storage
AUTHS-E4986 = auths-id::CacheError::Io
AUTHS-E4987 = auths-id::CacheError::Json
AUTHS-E4991 = auths-id::HookError::Io
AUTHS-E4992 = auths-id::HookError::NotGitRepo
AUTHS-E5001 = auths-sdk::SetupError::IdentityAlreadyExists
AUTHS-E5002 = auths-sdk::SetupError::KeychainUnavailable
AUTHS-E5004 = auths-sdk::SetupError::GitConfigError
AUTHS-E5006 = auths-sdk::SetupError::PlatformVerificationFailed
AUTHS-E5007 = auths-sdk::SetupError::InvalidSetupConfig
AUTHS-E5008 = auths-sdk::SetupError::WeakPassphrase
AUTHS-E5101 = auths-sdk::DeviceError::IdentityNotFound
AUTHS-E5102 = auths-sdk::DeviceError::DeviceNotFound
AUTHS-E5103 = auths-sdk::DeviceError::AttestationError
AUTHS-E5105 = auths-sdk::DeviceError::DeviceDidMismatch
AUTHS-E5106 = auths-sdk::DeviceError::DelegationError
AUTHS-E5201 = auths-sdk::DeviceExtensionError::IdentityNotFound
AUTHS-E5202 = auths-sdk::DeviceExtensionError::NoAttestationFound
AUTHS-E5203 = auths-sdk::DeviceExtensionError::AlreadyRevoked
AUTHS-E5204 = auths-sdk::DeviceExtensionError::AttestationFailed
AUTHS-E5301 = auths-sdk::RotationError::IdentityNotFound
AUTHS-E5302 = auths-sdk::RotationError::KeyNotFound
AUTHS-E5303 = auths-sdk::RotationError::KeyDecryptionFailed
AUTHS-E5304 = auths-sdk::RotationError::KelHistoryFailed
AUTHS-E5305 = auths-sdk::RotationError::RotationFailed
AUTHS-E5306 = auths-sdk::RotationError::PartialRotation
AUTHS-E5307 = auths-sdk::RotationError::HardwareKeyNotRotatable
AUTHS-E5311 = auths-sdk::AgentError::IdentityNotFound
AUTHS-E5312 = auths-sdk::AgentError::AlreadyDelegated
AUTHS-E5313 = auths-sdk::AgentError::DelegationError
AUTHS-E5314 = auths-sdk::AgentError::AgentNotFound
AUTHS-E5315 = auths-sdk::AgentError::Revoked
AUTHS-E5316 = auths-sdk::AgentError::OutsideDelegatorScope
AUTHS-E5317 = auths-sdk::AgentError::AttestationError
AUTHS-E5318 = auths-sdk::AgentError::AnchorError
AUTHS-E5401 = auths-sdk::RegistrationError::AlreadyRegistered
AUTHS-E5402 = auths-sdk::RegistrationError::QuotaExceeded
AUTHS-E5403 = auths-sdk::RegistrationError::InvalidDidFormat
AUTHS-E5404 = auths-sdk::RegistrationError::IdentityLoadError
AUTHS-E5405 = auths-sdk::RegistrationError::RegistryReadError
AUTHS-E5406 = auths-sdk::RegistrationError::SerializationError
AUTHS-E5501 = auths-sdk::McpAuthError::BridgeUnreachable
AUTHS-E5502 = auths-sdk::McpAuthError::TokenExchangeFailed
AUTHS-E5503 = auths-sdk::McpAuthError::InvalidResponse
AUTHS-E5504 = auths-sdk::McpAuthError::InsufficientCapabilities
AUTHS-E5551 = auths-sdk::TrustError::UnknownIdentity
AUTHS-E5552 = auths-sdk::TrustError::KeyResolutionFailed
AUTHS-E5553 = auths-sdk::TrustError::InvalidTrustStore
AUTHS-E5554 = auths-sdk::TrustError::TofuRequiresInteraction
AUTHS-E5601 = auths-sdk::OrgError::AdminNotFound
AUTHS-E5602 = auths-sdk::OrgError::MemberNotFound
AUTHS-E5603 = auths-sdk::OrgError::AlreadyRevoked
AUTHS-E5604 = auths-sdk::OrgError::InvalidCapability
AUTHS-E5605 = auths-sdk::OrgError::InvalidDid
AUTHS-E5606 = auths-sdk::OrgError::InvalidPublicKey
AUTHS-E5607 = auths-sdk::OrgError::Signing
AUTHS-E5608 = auths-sdk::OrgError::Identity
AUTHS-E5609 = auths-sdk::OrgError::KeyStorage
AUTHS-E5610 = auths-sdk::OrgError::Storage
AUTHS-E5611 = auths-sdk::OrgError::Anchor
AUTHS-E5612 = auths-sdk::OrgError::OrgThresholdDelegationUnsupported
AUTHS-E5613 = auths-sdk::OrgError::MemberKeyExists
AUTHS-E5614 = auths-sdk::OrgError::Delegation
AUTHS-E5615 = auths-sdk::OrgError::IdentityExists
AUTHS-E5616 = auths-sdk::OrgError::IdentityInit
AUTHS-E5617 = auths-sdk::OrgError::Attestation
AUTHS-E5618 = auths-sdk::OrgError::MemberNotDelegable
AUTHS-E5622 = auths-sdk::OrgError::PolicyCompile
AUTHS-E5623 = auths-sdk::OrgError::PolicyBlobMissing
AUTHS-E5624 = auths-sdk::OrgError::PolicyIntegrity
AUTHS-E5625 = auths-sdk::OrgError::ChainCycle
AUTHS-E5626 = auths-sdk::OrgError::ChainTooDeep
AUTHS-E5627 = auths-sdk::OrgError::ChainBrokenHop
AUTHS-E5628 = auths-sdk::OrgError::OidcPolicyInvalid
AUTHS-E5701 = auths-sdk::ApprovalError::NotApprovalRequired
AUTHS-E5702 = auths-sdk::ApprovalError::RequestNotFound
AUTHS-E5703 = auths-sdk::ApprovalError::RequestExpired
AUTHS-E5704 = auths-sdk::ApprovalError::ApprovalAlreadyUsed
AUTHS-E5705 = auths-sdk::ApprovalError::PartialApproval
AUTHS-E5706 = auths-sdk::ApprovalError::ApprovalStorage
AUTHS-E5850 = auths-sdk::ArtifactSigningError::IdentityNotFound
AUTHS-E5851 = auths-sdk::ArtifactSigningError::KeyResolutionFailed
AUTHS-E5852 = auths-sdk::ArtifactSigningError::KeyDecryptionFailed
AUTHS-E5853 = auths-sdk::ArtifactSigningError::DigestFailed
AUTHS-E5854 = auths-sdk::ArtifactSigningError::AttestationFailed
AUTHS-E5855 = auths-sdk::ArtifactSigningError::ResignFailed
AUTHS-E5856 = auths-sdk::ArtifactSigningError::InvalidCommitSha
AUTHS-E5901 = auths-sdk::SigningError::IdentityFrozen
AUTHS-E5902 = auths-sdk::SigningError::KeyResolution
AUTHS-E5903 = auths-sdk::SigningError::SigningFailed
AUTHS-E5904 = auths-sdk::SigningError::InvalidPassphrase
AUTHS-E5905 = auths-sdk::SigningError::PemEncoding
AUTHS-E5906 = auths-sdk::SigningError::AgentUnavailable
AUTHS-E5907 = auths-sdk::SigningError::AgentSigningFailed
AUTHS-E5908 = auths-sdk::SigningError::PassphraseExhausted
AUTHS-E5909 = auths-sdk::SigningError::KeychainUnavailable
AUTHS-E5910 = auths-sdk::SigningError::KeyDecryptionFailed
AUTHS-E6001 = auths-sdk::AuthChallengeError::EmptyNonce
AUTHS-E6002 = auths-sdk::AuthChallengeError::EmptyDomain
AUTHS-E6003 = auths-sdk::AuthChallengeError::Canonicalization
AUTHS-E6101 = auths-sdk::CredentialError::IssueeNotFound
AUTHS-E6102 = auths-sdk::CredentialError::RegistryError
AUTHS-E6103 = auths-sdk::CredentialError::AlreadyRevoked
AUTHS-E6104 = auths-sdk::CredentialError::KtThresholdUnsupported
AUTHS-E6105 = auths-sdk::CredentialError::SchemaUnknown
AUTHS-E6106 = auths-sdk::CredentialError::StaleOrUnresolvable
AUTHS-E6107 = auths-sdk::CredentialError::MalformedUsageCap
AUTHS-E8001 = auths-oidc-port::OidcError::JwtDecode
AUTHS-E8002 = auths-oidc-port::OidcError::SignatureVerificationFailed
AUTHS-E8003 = auths-oidc-port::OidcError::ClaimsValidationFailed
AUTHS-E8004 = auths-oidc-port::OidcError::UnknownKeyId
AUTHS-E8005 = auths-oidc-port::OidcError::JwksResolutionFailed
AUTHS-E8006 = auths-oidc-port::OidcError::AlgorithmMismatch
AUTHS-E8007 = auths-oidc-port::OidcError::ClockSkewExceeded
AUTHS-E8008 = auths-oidc-port::OidcError::TokenReplayDetected
AUTHS-E9001 = auths-core::LogError::SubmissionRejected
AUTHS-E9002 = auths-core::LogError::NetworkError
AUTHS-E9003 = auths-core::LogError::RateLimited
AUTHS-E9004 = auths-core::LogError::InvalidResponse
AUTHS-E9005 = auths-core::LogError::EntryNotFound
AUTHS-E9006 = auths-core::LogError::ConsistencyViolation
AUTHS-E9007 = auths-core::LogError::Unavailable
